Microsoft Visual Studio Solution File, Format Version 12.00
# Visual Studio Version 17
VisualStudioVersion = 17.5.2.0
MinimumVisualStudioVersion = 10.0.40219.1
Project("{FAE04EC0-301F-11D3-BF4B-00C04F79EFBC}") = "_ratechecktmp", "_ratechecktmp\_ratechecktmp.csproj", "{EF54A386-32B2-65AD-4370-5D45F8DA2375}"
EndProject
Project("{2150E333-8FDC-42A3-9474-1A3956D46DE8}") = "Services", "Services", "{5854FF58-B8C5-05C6-5BF2-ACE42193F22B}"
EndProject
Project("{FAE04EC0-301F-11D3-BF4B-00C04F79EFBC}") = "AdminPortal", "Services\AdminPortal\AdminPortal.csproj", "{9AE5BB18-69B7-4C76-305F-D6642DD0512F}"
EndProject
Project("{FAE04EC0-301F-11D3-BF4B-00C04F79EFBC}") = "AdminPortal.Tests", "Services\AdminPortal.Tests\AdminPortal.Tests.csproj", "{CB93129F-1124-7A4E-DAFF-E2A735C60328}"
EndProject
Project("{FAE04EC0-301F-11D3-BF4B-00C04F79EFBC}") = "AiSupportService", "Services\AiSupportService\AiSupportService.csproj", "{937172D1-7880-3A24-7E64-7C774BB7C6ED}"
EndProject
Project("{FAE04EC0-301F-11D3-BF4B-00C04F79EFBC}") = "AiSupportService.Tests", "Services\AiSupportService.Tests\AiSupportService.Tests.csproj", "{420FE082-3378-5875-F1EB-C5F8664C924D}"
EndProject
Project("{FAE04EC0-301F-11D3-BF4B-00C04F79EFBC}") = "ApiGateway", "Services\ApiGateway\ApiGateway.csproj", "{13FBD8FB-30F1-8540-298F-D39E593FDA1C}"
EndProject
Project("{FAE04EC0-301F-11D3-BF4B-00C04F79EFBC}") = "ApiGateway.Tests", "Services\ApiGateway.Tests\ApiGateway.Tests.csproj", "{E1CAA5E4-D9F2-FB14-A370-9B7072406089}"
EndProject
Project("{FAE04EC0-301F-11D3-BF4B-00C04F79EFBC}") = "AuthService", "Services\AuthService\AuthService.csproj", "{16FD9863-A745-7DF3-D0FD-B69A0BD39998}"
EndProject
Project("{FAE04EC0-301F-11D3-BF4B-00C04F79EFBC}") = "AuthService.Tests", "Services\AuthService.Tests\AuthService.Tests.csproj", "{A9F4603E-207D-48F7-DD72-A12AE7EAA6EB}"
EndProject
Project("{FAE04EC0-301F-11D3-BF4B-00C04F79EFBC}") = "CouponService", "Services\CouponService\CouponService.csproj", "{23414392-F698-E0DE-69A8-DF92CEE629F8}"
EndProject
Project("{FAE04EC0-301F-11D3-BF4B-00C04F79EFBC}") = "CouponService.Tests", "Services\CouponService.Tests\CouponService.Tests.csproj", "{A5DA7F18-E872-09BD-A857-7FE03B049B34}"
EndProject
Project("{FAE04EC0-301F-11D3-BF4B-00C04F79EFBC}") = "Frontend", "Services\Frontend\Frontend.csproj", "{8AA5A6A0-95DE-0CDB-BFE3-921119C055C3}"
EndProject
Project("{FAE04EC0-301F-11D3-BF4B-00C04F79EFBC}") = "Frontend.Tests", "Services\Frontend.Tests\Frontend.Tests.csproj", "{6D7A70A2-52DF-B98B-506B-B8C956860ECF}"
EndProject
Project("{FAE04EC0-301F-11D3-BF4B-00C04F79EFBC}") = "InventoryManagementService", "Services\InventoryManagementService\InventoryManagementService.csproj", "{EF054F29-3B43-E446-93B3-E41951ABF7EB}"
EndProject
Project("{FAE04EC0-301F-11D3-BF4B-00C04F79EFBC}") = "InventoryManagementService.Tests", "Services\InventoryManagementService.Tests\InventoryManagementService.Tests.csproj", "{6A4406C4-E58B-323F-D70F-2AB2CF48984E}"
EndProject
Project("{FAE04EC0-301F-11D3-BF4B-00C04F79EFBC}") = "MailSendService", "Services\MailSendService\MailSendService.csproj", "{16F836D6-BB5A-CC3E-C2FD-937906AA48E3}"
EndProject
Project("{FAE04EC0-301F-11D3-BF4B-00C04F79EFBC}") = "MailSendService.Tests", "Services\MailSendService.Tests\MailSendService.Tests.csproj", "{0BF65F54-3E38-9947-9D6E-0E8B2E39F6F3}"
EndProject
Project("{FAE04EC0-301F-11D3-BF4B-00C04F79EFBC}") = "PaymentCartService", "Services\PaymentCartService\PaymentCartService.csproj", "{1F3CB636-CE6B-2F7A-556C-989455892CD6}"
EndProject
Project("{FAE04EC0-301F-11D3-BF4B-00C04F79EFBC}") = "PaymentCartService.Tests", "Services\PaymentCartService.Tests\PaymentCartService.Tests.csproj", "{0A3AD2E1-A8EF-C607-1F0D-953458A293F2}"
EndProject
Project("{FAE04EC0-301F-11D3-BF4B-00C04F79EFBC}") = "PointService", "Services\PointService\PointService.csproj", "{6CFC2568-9ED6-E7BA-167F-AFC389FA7041}"
EndProject
Project("{FAE04EC0-301F-11D3-BF4B-00C04F79EFBC}") = "PointService.Tests", "Services\PointService.Tests\PointService.Tests.csproj", "{3F42E85A-6FA6-F40E-BF93-64423BA5D62D}"
EndProject
Project("{FAE04EC0-301F-11D3-BF4B-00C04F79EFBC}") = "SalesManagementService", "Services\SalesManagementService\SalesManagementService.csproj", "{F0EC919B-228D-F8A0-6654-8F298D294963}"
EndProject
Project("{FAE04EC0-301F-11D3-BF4B-00C04F79EFBC}") = "SalesManagementService.Tests", "Services\SalesManagementService.Tests\SalesManagementService.Tests.csproj", "{9115243F-D1C6-52F2-FE3B-66ACDD23DD02}"
EndProject
Project("{FAE04EC0-301F-11D3-BF4B-00C04F79EFBC}") = "UserManagementService", "Services\UserManagementService\UserManagementService.csproj", "{F48E3DC1-CC3A-E4FC-0190-FE95ECCA794D}"
EndProject
Project("{FAE04EC0-301F-11D3-BF4B-00C04F79EFBC}") = "UserManagementService.Tests", "Services\UserManagementService.Tests\UserManagementService.Tests.csproj", "{6A53BFDD-9260-5937-A9FE-0901ABEC1AF8}"
EndProject
Global
	GlobalSection(SolutionConfigurationPlatforms) = preSolution
		Debug|Any CPU = Debug|Any CPU
		Release|Any CPU = Release|Any CPU
	EndGlobalSection
	GlobalSection(ProjectConfigurationPlatforms) = postSolution
		{EF54A386-32B2-65AD-4370-5D45F8DA2375}.Debug|Any CPU.ActiveCfg = Debug|Any CPU
		{EF54A386-32B2-65AD-4370-5D45F8DA2375}.Debug|Any CPU.Build.0 = Debug|Any CPU
		{EF54A386-32B2-65AD-4370-5D45F8DA2375}.Release|Any CPU.ActiveCfg = Release|Any CPU
		{EF54A386-32B2-65AD-4370-5D45F8DA2375}.Release|Any CPU.Build.0 = Release|Any CPU
		{9AE5BB18-69B7-4C76-305F-D6642DD0512F}.Debug|Any CPU.ActiveCfg = Debug|Any CPU
		{9AE5BB18-69B7-4C76-305F-D6642DD0512F}.Debug|Any CPU.Build.0 = Debug|Any CPU
		{9AE5BB18-69B7-4C76-305F-D6642DD0512F}.Release|Any CPU.ActiveCfg = Release|Any CPU
		{9AE5BB18-69B7-4C76-305F-D6642DD0512F}.Release|Any CPU.Build.0 = Release|Any CPU
		{CB93129F-1124-7A4E-DAFF-E2A735C60328}.Debug|Any CPU.ActiveCfg = Debug|Any CPU
		{CB93129F-1124-7A4E-DAFF-E2A735C60328}.Debug|Any CPU.Build.0 = Debug|Any CPU
		{CB93129F-1124-7A4E-DAFF-E2A735C60328}.Release|Any CPU.ActiveCfg = Release|Any CPU
		{CB93129F-1124-7A4E-DAFF-E2A735C60328}.Release|Any CPU.Build.0 = Release|Any CPU
		{937172D1-7880-3A24-7E64-7C774BB7C6ED}.Debug|Any CPU.ActiveCfg = Debug|Any CPU
		{937172D1-7880-3A24-7E64-7C774BB7C6ED}.Debug|Any CPU.Build.0 = Debug|Any CPU
		{937172D1-7880-3A24-7E64-7C774BB7C6ED}.Release|Any CPU.ActiveCfg = Release|Any CPU
		{937172D1-7880-3A24-7E64-7C774BB7C6ED}.Release|Any CPU.Build.0 = Release|Any CPU
		{420FE082-3378-5875-F1EB-C5F8664C924D}.Debug|Any CPU.ActiveCfg = Debug|Any CPU
		{420FE082-3378-5875-F1EB-C5F8664C924D}.Debug|Any CPU.Build.0 = Debug|Any CPU
		{420FE082-3378-5875-F1EB-C5F8664C924D}.Release|Any CPU.ActiveCfg = Release|Any CPU
		{420FE082-3378-5875-F1EB-C5F8664C924D}.Release|Any CPU.Build.0 = Release|Any CPU
		{13FBD8FB-30F1-8540-298F-D39E593FDA1C}.Debug|Any CPU.ActiveCfg = Debug|Any CPU
		{13FBD8FB-30F1-8540-298F-D39E593FDA1C}.Debug|Any CPU.Build.0 = Debug|Any CPU
		{13FBD8FB-30F1-8540-298F-D39E593FDA1C}.Release|Any CPU.ActiveCfg = Release|Any CPU
		{13FBD8FB-30F1-8540-298F-D39E593FDA1C}.Release|Any CPU.Build.0 = Release|Any CPU
		{E1CAA5E4-D9F2-FB14-A370-9B7072406089}.Debug|Any CPU.ActiveCfg = Debug|Any CPU
		{E1CAA5E4-D9F2-FB14-A370-9B7072406089}.Debug|Any CPU.Build.0 = Debug|Any CPU
		{E1CAA5E4-D9F2-FB14-A370-9B7072406089}.Release|Any CPU.ActiveCfg = Release|Any CPU
		{E1CAA5E4-D9F2-FB14-A370-9B7072406089}.Release|Any CPU.Build.0 = Release|Any CPU
		{16FD9863-A745-7DF3-D0FD-B69A0BD39998}.Debug|Any CPU.ActiveCfg = Debug|Any CPU
		{16FD9863-A745-7DF3-D0FD-B69A0BD39998}.Debug|Any CPU.Build.0 = Debug|Any CPU
		{16FD9863-A745-7DF3-D0FD-B69A0BD39998}.Release|Any CPU.ActiveCfg = Release|Any CPU
		{16FD9863-A745-7DF3-D0FD-B69A0BD39998}.Release|Any CPU.Build.0 = Release|Any CPU
		{A9F4603E-207D-48F7-DD72-A12AE7EAA6EB}.Debug|Any CPU.ActiveCfg = Debug|Any CPU
		{A9F4603E-207D-48F7-DD72-A12AE7EAA6EB}.Debug|Any CPU.Build.0 = Debug|Any CPU
		{A9F4603E-207D-48F7-DD72-A12AE7EAA6EB}.Release|Any CPU.ActiveCfg = Release|Any CPU
		{A9F4603E-207D-48F7-DD72-A12AE7EAA6EB}.Release|Any CPU.Build.0 = Release|Any CPU
		{23414392-F698-E0DE-69A8-DF92CEE629F8}.Debug|Any CPU.ActiveCfg = Debug|Any CPU
		{23414392-F698-E0DE-69A8-DF92CEE629F8}.Debug|Any CPU.Build.0 = Debug|Any CPU
		{23414392-F698-E0DE-69A8-DF92CEE629F8}.Release|Any CPU.ActiveCfg = Release|Any CPU
		{23414392-F698-E0DE-69A8-DF92CEE629F8}.Release|Any CPU.Build.0 = Release|Any CPU
		{A5DA7F18-E872-09BD-A857-7FE03B049B34}.Debug|Any CPU.ActiveCfg = Debug|Any CPU
		{A5DA7F18-E872-09BD-A857-7FE03B049B34}.Debug|Any CPU.Build.0 = Debug|Any CPU
		{A5DA7F18-E872-09BD-A857-7FE03B049B34}.Release|Any CPU.ActiveCfg = Release|Any CPU
		{A5DA7F18-E872-09BD-A857-7FE03B049B34}.Release|Any CPU.Build.0 = Release|Any CPU
		{8AA5A6A0-95DE-0CDB-BFE3-921119C055C3}.Debug|Any CPU.ActiveCfg = Debug|Any CPU
		{8AA5A6A0-95DE-0CDB-BFE3-921119C055C3}.Debug|Any CPU.Build.0 = Debug|Any CPU
		{8AA5A6A0-95DE-0CDB-BFE3-921119C055C3}.Release|Any CPU.ActiveCfg = Release|Any CPU
		{8AA5A6A0-95DE-0CDB-BFE3-921119C055C3}.Release|Any CPU.Build.0 = Release|Any CPU
		{6D7A70A2-52DF-B98B-506B-B8C956860ECF}.Debug|Any CPU.ActiveCfg = Debug|Any CPU
		{6D7A70A2-52DF-B98B-506B-B8C956860ECF}.Debug|Any CPU.Build.0 = Debug|Any CPU
		{6D7A70A2-52DF-B98B-506B-B8C956860ECF}.Release|Any CPU.ActiveCfg = Release|Any CPU
		{6D7A70A2-52DF-B98B-506B-B8C956860ECF}.Release|Any CPU.Build.0 = Release|Any CPU
		{EF054F29-3B43-E446-93B3-E41951ABF7EB}.Debug|Any CPU.ActiveCfg = Debug|Any CPU
		{EF054F29-3B43-E446-93B3-E41951ABF7EB}.Debug|Any CPU.Build.0 = Debug|Any CPU
		{EF054F29-3B43-E446-93B3-E41951ABF7EB}.Release|Any CPU.ActiveCfg = Release|Any CPU
		{EF054F29-3B43-E446-93B3-E41951ABF7EB}.Release|Any CPU.Build.0 = Release|Any CPU
		{6A4406C4-E58B-323F-D70F-2AB2CF48984E}.Debug|Any CPU.ActiveCfg = Debug|Any CPU
		{6A4406C4-E58B-323F-D70F-2AB2CF48984E}.Debug|Any CPU.Build.0 = Debug|Any CPU
		{6A4406C4-E58B-323F-D70F-2AB2CF48984E}.Release|Any CPU.ActiveCfg = Release|Any CPU
		{6A4406C4-E58B-323F-D70F-2AB2CF48984E}.Release|Any CPU.Build.0 = Release|Any CPU
		{16F836D6-BB5A-CC3E-C2FD-937906AA48E3}.Debug|Any CPU.ActiveCfg = Debug|Any CPU
		{16F836D6-BB5A-CC3E-C2FD-937906AA48E3}.Debug|Any CPU.Build.0 = Debug|Any CPU
		{16F836D6-BB5A-CC3E-C2FD-937906AA48E3}.Release|Any CPU.ActiveCfg = Release|Any CPU
		{16F836D6-BB5A-CC3E-C2FD-937906AA48E3}.Release|Any CPU.Build.0 = Release|Any CPU
		{0BF65F54-3E38-9947-9D6E-0E8B2E39F6F3}.Debug|Any CPU.ActiveCfg = Debug|Any CPU
		{0BF65F54-3E38-9947-9D6E-0E8B2E39F6F3}.Debug|Any CPU.Build.0 = Debug|Any CPU
		{0BF65F54-3E38-9947-9D6E-0E8B2E39F6F3}.Release|Any CPU.ActiveCfg = Release|Any CPU
		{0BF65F54-3E38-9947-9D6E-0E8B2E39F6F3}.Release|Any CPU.Build.0 = Release|Any CPU
		{1F3CB636-CE6B-2F7A-556C-989455892CD6}.Debug|Any CPU.ActiveCfg = Debug|Any CPU
		{1F3CB636-CE6B-2F7A-556C-989455892CD6}.Debug|Any CPU.Build.0 = Debug|Any CPU
		{1F3CB636-CE6B-2F7A-556C-989455892CD6}.Release|Any CPU.ActiveCfg = Release|Any CPU
		{1F3CB636-CE6B-2F7A-556C-989455892CD6}.Release|Any CPU.Build.0 = Release|Any CPU
		{0A3AD2E1-A8EF-C607-1F0D-953458A293F2}.Debug|Any CPU.ActiveCfg = Debug|Any CPU
		{0A3AD2E1-A8EF-C607-1F0D-953458A293F2}.Debug|Any CPU.Build.0 = Debug|Any CPU
		{0A3AD2E1-A8EF-C607-1F0D-953458A293F2}.Release|Any CPU.ActiveCfg = Release|Any CPU
		{0A3AD2E1-A8EF-C607-1F0D-953458A293F2}.Release|Any CPU.Build.0 = Release|Any CPU
		{6CFC2568-9ED6-E7BA-167F-AFC389FA7041}.Debug|Any CPU.ActiveCfg = Debug|Any CPU
		{6CFC2568-9ED6-E7BA-167F-AFC389FA7041}.Debug|Any CPU.Build.0 = Debug|Any CPU
		{6CFC2568-9ED6-E7BA-167F-AFC389FA7041}.Release|Any CPU.ActiveCfg = Release|Any CPU
		{6CFC2568-9ED6-E7BA-167F-AFC389FA7041}.Release|Any CPU.Build.0 = Release|Any CPU
		{3F42E85A-6FA6-F40E-BF93-64423BA5D62D}.Debug|Any CPU.ActiveCfg = Debug|Any CPU
		{3F42E85A-6FA6-F40E-BF93-64423BA5D62D}.Debug|Any CPU.Build.0 = Debug|Any CPU
		{3F42E85A-6FA6-F40E-BF93-64423BA5D62D}.Release|Any CPU.ActiveCfg = Release|Any CPU
		{3F42E85A-6FA6-F40E-BF93-64423BA5D62D}.Release|Any CPU.Build.0 = Release|Any CPU
		{F0EC919B-228D-F8A0-6654-8F298D294963}.Debug|Any CPU.ActiveCfg = Debug|Any CPU
		{F0EC919B-228D-F8A0-6654-8F298D294963}.Debug|Any CPU.Build.0 = Debug|Any CPU
		{F0EC919B-228D-F8A0-6654-8F298D294963}.Release|Any CPU.ActiveCfg = Release|Any CPU
		{F0EC919B-228D-F8A0-6654-8F298D294963}.Release|Any CPU.Build.0 = Release|Any CPU
		{9115243F-D1C6-52F2-FE3B-66ACDD23DD02}.Debug|Any CPU.ActiveCfg = Debug|Any CPU
		{9115243F-D1C6-52F2-FE3B-66ACDD23DD02}.Debug|Any CPU.Build.0 = Debug|Any CPU
		{9115243F-D1C6-52F2-FE3B-66ACDD23DD02}.Release|Any CPU.ActiveCfg = Release|Any CPU
		{9115243F-D1C6-52F2-FE3B-66ACDD23DD02}.Release|Any CPU.Build.0 = Release|Any CPU
		{F48E3DC1-CC3A-E4FC-0190-FE95ECCA794D}.Debug|Any CPU.ActiveCfg = Debug|Any CPU
		{F48E3DC1-CC3A-E4FC-0190-FE95ECCA794D}.Debug|Any CPU.Build.0 = Debug|Any CPU
		{F48E3DC1-CC3A-E4FC-0190-FE95ECCA794D}.Release|Any CPU.ActiveCfg = Release|Any CPU
		{F48E3DC1-CC3A-E4FC-0190-FE95ECCA794D}.Release|Any CPU.Build.0 = Release|Any CPU
		{6A53BFDD-9260-5937-A9FE-0901ABEC1AF8}.Debug|Any CPU.ActiveCfg = Debug|Any CPU
		{6A53BFDD-9260-5937-A9FE-0901ABEC1AF8}.Debug|Any CPU.Build.0 = Debug|Any CPU
		{6A53BFDD-9260-5937-A9FE-0901ABEC1AF8}.Release|Any CPU.ActiveCfg = Release|Any CPU
		{6A53BFDD-9260-5937-A9FE-0901ABEC1AF8}.Release|Any CPU.Build.0 = Release|Any CPU
	EndGlobalSection
	GlobalSection(SolutionProperties) = preSolution
		HideSolutionNode = FALSE
	EndGlobalSection
	GlobalSection(NestedProjects) = preSolution
		{9AE5BB18-69B7-4C76-305F-D6642DD0512F} = {5854FF58-B8C5-05C6-5BF2-ACE42193F22B}
		{CB93129F-1124-7A4E-DAFF-E2A735C60328} = {5854FF58-B8C5-05C6-5BF2-ACE42193F22B}
		{937172D1-7880-3A24-7E64-7C774BB7C6ED} = {5854FF58-B8C5-05C6-5BF2-ACE42193F22B}
		{420FE082-3378-5875-F1EB-C5F8664C924D} = {5854FF58-B8C5-05C6-5BF2-ACE42193F22B}
		{13FBD8FB-30F1-8540-298F-D39E593FDA1C} = {5854FF58-B8C5-05C6-5BF2-ACE42193F22B}
		{E1CAA5E4-D9F2-FB14-A370-9B7072406089} = {5854FF58-B8C5-05C6-5BF2-ACE42193F22B}
		{16FD9863-A745-7DF3-D0FD-B69A0BD39998} = {5854FF58-B8C5-05C6-5BF2-ACE42193F22B}
		{A9F4603E-207D-48F7-DD72-A12AE7EAA6EB} = {5854FF58-B8C5-05C6-5BF2-ACE42193F22B}
		{23414392-F698-E0DE-69A8-DF92CEE629F8} = {5854FF58-B8C5-05C6-5BF2-ACE42193F22B}
		{A5DA7F18-E872-09BD-A857-7FE03B049B34} = {5854FF58-B8C5-05C6-5BF2-ACE42193F22B}
		{8AA5A6A0-95DE-0CDB-BFE3-921119C055C3} = {5854FF58-B8C5-05C6-5BF2-ACE42193F22B}
		{6D7A70A2-52DF-B98B-506B-B8C956860ECF} = {5854FF58-B8C5-05C6-5BF2-ACE42193F22B}
		{EF054F29-3B43-E446-93B3-E41951ABF7EB} = {5854FF58-B8C5-05C6-5BF2-ACE42193F22B}
		{6A4406C4-E58B-323F-D70F-2AB2CF48984E} = {5854FF58-B8C5-05C6-5BF2-ACE42193F22B}
		{16F836D6-BB5A-CC3E-C2FD-937906AA48E3} = {5854FF58-B8C5-05C6-5BF2-ACE42193F22B}
		{0BF65F54-3E38-9947-9D6E-0E8B2E39F6F3} = {5854FF58-B8C5-05C6-5BF2-ACE42193F22B}
		{1F3CB636-CE6B-2F7A-556C-989455892CD6} = {5854FF58-B8C5-05C6-5BF2-ACE42193F22B}
		{0A3AD2E1-A8EF-C607-1F0D-953458A293F2} = {5854FF58-B8C5-05C6-5BF2-ACE42193F22B}
		{6CFC2568-9ED6-E7BA-167F-AFC389FA7041} = {5854FF58-B8C5-05C6-5BF2-ACE42193F22B}
		{3F42E85A-6FA6-F40E-BF93-64423BA5D62D} = {5854FF58-B8C5-05C6-5BF2-ACE42193F22B}
		{F0EC919B-228D-F8A0-6654-8F298D294963} = {5854FF58-B8C5-05C6-5BF2-ACE42193F22B}
		{9115243F-D1C6-52F2-FE3B-66ACDD23DD02} = {5854FF58-B8C5-05C6-5BF2-ACE42193F22B}
		{F48E3DC1-CC3A-E4FC-0190-FE95ECCA794D} = {5854FF58-B8C5-05C6-5BF2-ACE42193F22B}
		{6A53BFDD-9260-5937-A9FE-0901ABEC1AF8} = {5854FF58-B8C5-05C6-5BF2-ACE42193F22B}
	EndGlobalSection
	GlobalSection(ExtensibilityGlobals) = postSolution
		SolutionGuid = {A84E8B38-D0A3-41FA-9A70-F752931A566F}
	EndGlobalSection
EndGlobal
